{
  "originHash" : "52882e48a210c231ff52608fab2e63a6f9f9b81f710bed99d179a8dc53a4337d",
  "pins" : [
    {
      "identity" : "economics",
      "kind" : "remoteSourceControl",
      "location" : "https://github.com/leviouwendijk/Economics.git",
      "state" : {
        "revision" : "f3521c80e78333ad1a45ccbc8bcede9fc7569b2b",
        "version" : "1.0.2"
      }
    },
    {
      "identity" : "plate",
      "kind" : "remoteSourceControl",
      "location" : "https://github.com/leviouwendijk/plate.git",
      "state" : {
        "revision" : "7a3d99eaa14b4003d1c11a64a348c8baf8383ee0",
        "version" : "1.1.1"
      }
    },
    {
      "identity" : "swift-argument-parser",
      "kind" : "remoteSourceControl",
      "location" : "https://github.com/apple/swift-argument-parser.git",
      "state" : {
        "revision" : "41982a3656a71c768319979febd796c6fd111d5c",
        "version" : "1.5.0"
      }
    }
  ],
  "version" : 3
}
